// !$*UTF8*$!
{
	archiveVersion = 1;
	classes = {
	};
	objectVersion = 50;
	objects = {

/* Begin PBXBuildFile section */
		FABD48DF2618A83E00D31645 /* AppDelegate.swift in Sources */ = {isa = PBXBuildFile; fileRef = FABD48DE2618A83E00D31645 /* AppDelegate.swift */; };
		FABD48E12618A83E00D31645 /* SceneDelegate.swift in Sources */ = {isa = PBXBuildFile; fileRef = FABD48E02618A83E00D31645 /* SceneDelegate.swift */; };
		FABD48E32618A83E00D31645 /* LoginViewController.swift in Sources */ = {isa = PBXBuildFile; fileRef = FABD48E22618A83E00D31645 /* LoginViewController.swift */; };
		FABD48E62618A83E00D31645 /* Main.storyboard in Resources */ = {isa = PBXBuildFile; fileRef = FABD48E42618A83E00D31645 /* Main.storyboard */; };
		FABD48E82618A84100D31645 /* Assets.xcassets in Resources */ = {isa = PBXBuildFile; fileRef = FABD48E72618A84100D31645 /* Assets.xcassets */; };
		FABD48EB2618A84100D31645 /* LaunchScreen.storyboard in Resources */ = {isa = PBXBuildFile; fileRef = FABD48E92618A84100D31645 /* LaunchScreen.storyboard */; };
		FABD48F42618B0D900D31645 /* WelcomeViewController.swift in Sources */ = {isa = PBXBuildFile; fileRef = FABD48F32618B0D900D31645 /* WelcomeViewController.swift */; };
/* End PBXBuildFile section */

/* Begin PBXFileReference section */
		FABD48DB2618A83E00D31645 /* MyLogInApp.app */ = {isa = PBXFileReference; explicitFileType = wrapper.application; includeInIndex = 0; path = MyLogInApp.app; sourceTree = BUILT_PRODUCTS_DIR; };
		FABD48DE2618A83E00D31645 /* AppDelegate.swift */ = {isa = PBXFileReference; lastKnownFileType = sourcecode.swift; path = AppDelegate.swift; sourceTree = "<group>"; };
		FABD48E02618A83E00D31645 /* SceneDelegate.swift */ = {isa = PBXFileReference; lastKnownFileType = sourcecode.swift; path = SceneDelegate.swift; sourceTree = "<group>"; };
		FABD48E22618A83E00D31645 /* LoginViewController.swift */ = {isa = PBXFileReference; lastKnownFileType = sourcecode.swift; path = LoginViewController.swift; sourceTree = "<group>"; };
		FABD48E52618A83E00D31645 /* Base */ = {isa = PBXFileReference; lastKnownFileType = file.storyboard; name = Base; path = Base.lproj/Main.storyboard; sourceTree = "<group>"; };
		FABD48E72618A84100D31645 /* Assets.xcassets */ = {isa = PBXFileReference; lastKnownFileType = folder.assetcatalog; path = Assets.xcassets; sourceTree = "<group>"; };
		FABD48EA2618A84100D31645 /* Base */ = {isa = PBXFileReference; lastKnownFileType = file.storyboard; name = Base; path = Base.lproj/LaunchScreen.storyboard; sourceTree = "<group>"; };
		FABD48EC2618A84100D31645 /* Info.plist */ = {isa = PBXFileReference; lastKnownFileType = text.plist.xml; path = Info.plist; sourceTree = "<group>"; };
		FABD48F32618B0D900D31645 /* WelcomeViewController.swift */ = {isa = PBXFileReference; lastKnownFileType = sourcecode.swift; path = WelcomeViewController.swift; sourceTree = "<group>"; };
/* End PBXFileReference section */

/* Begin PBXFrameworksBuildPhase section */
		FABD48D82618A83E00D31645 /* Frameworks */ = {
			isa = PBXFrameworksBuildPhase;
			buildActionMask = 2147483647;
			files = (
			);
			runOnlyForDeploymentPostprocessing = 0;
		};
/* End PBXFrameworksBuildPhase section */

/* Begin PBXGroup section */
		FABD48D22618A83E00D31645 = {
			isa = PBXGroup;
			children = (
				FABD48DD2618A83E00D31645 /* MyLogInApp */,
				FABD48DC2618A83E00D31645 /* Products */,
			);
			sourceTree = "<group>";
		};
		FABD48DC2618A83E00D31645 /* Products */ = {
			isa = PBXGroup;
			children = (
				FABD48DB2618A83E00D31645 /* MyLogInApp.app */,
			);
			name = Products;
			sourceTree = "<group>";
		};
		FABD48DD2618A83E00D31645 /* MyLogInApp */ = {
			isa = PBXGroup;
			children = (
				FABD48DE2618A83E00D31645 /* AppDelegate.swift */,
				FABD48E02618A83E00D31645 /* SceneDelegate.swift */,
				FABD48E22618A83E00D31645 /* LoginViewController.swift */,
				FABD48F32618B0D900D31645 /* WelcomeViewController.swift */,
				FABD48E42618A83E00D31645 /* Main.storyboard */,
				FABD48E72618A84100D31645 /* Assets.xcassets */,
				FABD48E92618A84100D31645 /* LaunchScreen.storyboard */,
				FABD48EC2618A84100D31645 /* Info.plist */,
			);
			path = MyLogInApp;
			sourceTree = "<group>";
		};
/* End PBXGroup section */

/* Begin PBXNativeTarget section */
		FABD48DA2618A83E00D31645 /* MyLogInApp */ = {
			isa = PBXNativeTarget;
			buildConfigurationList = FABD48EF2618A84100D31645 /* Build configuration list for PBXNativeTarget "MyLogInApp" */;
			buildPhases = (
				FABD48D72618A83E00D31645 /* Sources */,
				FABD48D82618A83E00D31645 /* Frameworks */,
				FABD48D92618A83E00D31645 /* Resources */,
			);
			buildRules = (
			);
			dependencies = (
			);
			name = MyLogInApp;
			productName = MyLogInApp;
			productReference = FABD48DB2618A83E00D31645 /* MyLogInApp.app */;
			productType = "com.apple.product-type.application";
		};
/* End PBXNativeTarget section */

/* Begin PBXProject section */
		FABD48D32618A83E00D31645 /* Project object */ = {
			isa = PBXProject;
			attributes = {
				LastSwiftUpdateCheck = 1240;
				LastUpgradeCheck = 1240;
				TargetAttributes = {
					FABD48DA2618A83E00D31645 = {
						CreatedOnToolsVersion = 12.4;
					};
				};
			};
			buildConfigurationList = FABD48D62618A83E00D31645 /* Build configuration list for PBXProject "MyLogInApp" */;
			compatibilityVersion = "Xcode 9.3";
			developmentRegion = en;
			hasScannedForEncodings = 0;
			knownRegions = (
				en,
				Base,
			);
			mainGroup = FABD48D22618A83E00D31645;
			productRefGroup = FABD48DC2618A83E00D31645 /* Products */;
			projectDirPath = "";
			projectRoot = "";
			targets = (
				FABD48DA2618A83E00D31645 /* MyLogInApp */,
			);
		};
/* End PBXProject section */

/* Begin PBXResourcesBuildPhase section */
		FABD48D92618A83E00D31645 /* Resources */ = {
			isa = PBXResourcesBuildPhase;
			buildActionMask = 2147483647;
			files = (
				FABD48EB2618A84100D31645 /* LaunchScreen.storyboard in Resources */,
				FABD48E82618A84100D31645 /* Assets.xcassets in Resources */,
				FABD48E62618A83E00D31645 /* Main.storyboard in Resources */,
			);
			runOnlyForDeploymentPostprocessing = 0;
		};
/* End PBXResourcesBuildPhase section */

/* Begin PBXSourcesBuildPhase section */
		FABD48D72618A83E00D31645 /* Sources */ = {
			isa = PBXSourcesBuildPhase;
			buildActionMask = 2147483647;
			files = (
				FABD48E32618A83E00D31645 /* LoginViewController.swift in Sources */,
				FABD48F42618B0D900D31645 /* WelcomeViewController.swift in Sources */,
				FABD48DF2618A83E00D31645 /* AppDelegate.swift in Sources */,
				FABD48E12618A83E00D31645 /* SceneDelegate.swift in Sources */,
			);
			runOnlyForDeploymentPostprocessing = 0;
		};
/* End PBXSourcesBuildPhase section */

/* Begin PBXVariantGroup section */
		FABD48E42618A83E00D31645 /* Main.storyboard */ = {
			isa = PBXVariantGroup;
			children = (
				FABD48E52618A83E00D31645 /* Base */,
			);
			name = Main.storyboard;
			sourceTree = "<group>";
		};
		FABD48E92618A84100D31645 /* LaunchScreen.storyboard */ = {
			isa = PBXVariantGroup;
			children = (
				FABD48EA2618A84100D31645 /* Base */,
			);
			name = LaunchScreen.storyboard;
			sourceTree = "<group>";
		};
/* End PBXVariantGroup section */

/* Begin XCBuildConfiguration section */
		FABD48ED2618A84100D31645 /* Debug */ = {
			isa = XCBuildConfiguration;
			buildSettings = {
				ALWAYS_SEARCH_USER_PATHS = NO;
				CLANG_ANALYZER_NONNULL = YES;
				CLANG_ANALYZER_NUMBER_OBJECT_CONVERSION = YES_AGGRESSIVE;
				CLANG_CXX_LANGUAGE_STANDARD = "gnu++14";
				CLANG_CXX_LIBRARY = "libc++";
				CLANG_ENABLE_MODULES = YES;
				CLANG_ENABLE_OBJC_ARC = YES;
				CLANG_ENABLE_OBJC_WEAK = YES;
				CLANG_WARN_BLOCK_CAPTURE_AUTORELEASING = YES;
				CLANG_WARN_BOOL_CONVERSION = YES;
				CLANG_WARN_COMMA = YES;
				CLANG_WARN_CONSTANT_CONVERSION = YES;
				CLANG_WARN_DEPRECATED_OBJC_IMPLEMENTATIONS = YES;
				CLANG_WARN_DIRECT_OBJC_ISA_USAGE = YES_ERROR;
				CLANG_WARN_DOCUMENTATION_COMMENTS = YES;
				CLANG_WARN_EMPTY_BODY = YES;
				CLANG_WARN_ENUM_CONVERSION = YES;
				CLANG_WARN_INFINITE_RECURSION = YES;
				CLANG_WARN_INT_CONVERSION = YES;
				CLANG_WARN_NON_LITERAL_NULL_CONVERSION = YES;
				CLANG_WARN_OBJC_IMPLICIT_RETAIN_SELF = YES;
				CLANG_WARN_OBJC_LITERAL_CONVERSION = YES;
				CLANG_WARN_OBJC_ROOT_CLASS = YES_ERROR;
				CLANG_WARN_QUOTED_INCLUDE_IN_FRAMEWORK_HEADER = YES;
				CLANG_WARN_RANGE_LOOP_ANALYSIS = YES;
				CLANG_WARN_STRICT_PROTOTYPES = YES;
				CLANG_WARN_SUSPICIOUS_MOVE = YES;
				CLANG_WARN_UNGUARDED_AVAILABILITY = YES_AGGRESSIVE;
				CLANG_WARN_UNREACHABLE_CODE = YES;
				CLANG_WARN__DUPLICATE_METHOD_MATCH = YES;
				COPY_PHASE_STRIP = NO;
				DEBUG_INFORMATION_FORMAT = dwarf;
				ENABLE_STRICT_OBJC_MSGSEND = YES;
				ENABLE_TESTABILITY = YES;
				GCC_C_LANGUAGE_STANDARD = gnu11;
				GCC_DYNAMIC_NO_PIC = NO;
				GCC_NO_COMMON_BLOCKS = YES;
				GCC_OPTIMIZATION_LEVEL = 0;
				GCC_PREPROCESSOR_DEFINITIONS = (
					"DEBUG=1",
					"$(inherited)",
				);
				GCC_WARN_64_TO_32_BIT_CONVERSION = YES;
				GCC_WARN_ABOUT_RETURN_TYPE = YES_ERROR;
				GCC_WARN_UNDECLARED_SELECTOR = YES;
				GCC_WARN_UNINITIALIZED_AUTOS = YES_AGGRESSIVE;
				GCC_WARN_UNUSED_FUNCTION = YES;
				GCC_WARN_UNUSED_VARIABLE = YES;
				IPHONEOS_DEPLOYMENT_TARGET = 14.4;
				MTL_ENABLE_DEBUG_INFO = INCLUDE_SOURCE;
				MTL_FAST_MATH = YES;
				ONLY_ACTIVE_ARCH = YES;
				SDKROOT = iphoneos;
				SWIFT_ACTIVE_COMPILATION_CONDITIONS = DEBUG;
				SWIFT_OPTIMIZATION_LEVEL = "-Onone";
			};
			name = Debug;
		};
		FABD48EE2618A84100D31645 /* Release */ = {
			isa = XCBuildConfiguration;
			buildSettings = {
				ALWAYS_SEARCH_USER_PATHS = NO;
				CLANG_ANALYZER_NONNULL = YES;
				CLANG_ANALYZER_NUMBER_OBJECT_CONVERSION = YES_AGGRESSIVE;
				CLANG_CXX_LANGUAGE_STANDARD = "gnu++14";
				CLANG_CXX_LIBRARY = "libc++";
				CLANG_ENABLE_MODULES = YES;
				CLANG_ENABLE_OBJC_ARC = YES;
				CLANG_ENABLE_OBJC_WEAK = YES;
				CLANG_WARN_BLOCK_CAPTURE_AUTORELEASING = YES;
				CLANG_WARN_BOOL_CONVERSION = YES;
				CLANG_WARN_COMMA = YES;
				CLANG_WARN_CONSTANT_CONVERSION = YES;
				CLANG_WARN_DEPRECATED_OBJC_IMPLEMENTATIONS = YES;
				CLANG_WARN_DIRECT_OBJC_ISA_USAGE = YES_ERROR;
				CLANG_WARN_DOCUMENTATION_COMMENTS = YES;
				CLANG_WARN_EMPTY_BODY = YES;
				CLANG_WARN_ENUM_CONVERSION = YES;
				CLANG_WARN_INFINITE_RECURSION = YES;
				CLANG_WARN_INT_CONVERSION = YES;
				CLANG_WARN_NON_LITERAL_NULL_CONVERSION = YES;
				CLANG_WARN_OBJC_IMPLICIT_RETAIN_SELF = YES;
				CLANG_WARN_OBJC_LITERAL_CONVERSION = YES;
				CLANG_WARN_OBJC_ROOT_CLASS = YES_ERROR;
				CLANG_WARN_QUOTED_INCLUDE_IN_FRAMEWORK_HEADER = YES;
				CLANG_WARN_RANGE_LOOP_ANALYSIS = YES;
				CLANG_WARN_STRICT_PROTOTYPES = YES;
				CLANG_WARN_SUSPICIOUS_MOVE = YES;
				CLANG_WARN_UNGUARDED_AVAILABILITY = YES_AGGRESSIVE;
				CLANG_WARN_UNREACHABLE_CODE = YES;
				CLANG_WARN__DUPLICATE_METHOD_MATCH = YES;
				COPY_PHASE_STRIP = NO;
				DEBUG_INFORMATION_FORMAT = "dwarf-with-dsym";
				ENABLE_NS_ASSERTIONS = NO;
				ENABLE_STRICT_OBJC_MSGSEND = YES;
				GCC_C_LANGUAGE_STANDARD = gnu11;
				GCC_NO_COMMON_BLOCKS = YES;
				GCC_WARN_64_TO_32_BIT_CONVERSION = YES;
				GCC_WARN_ABOUT_RETURN_TYPE = YES_ERROR;
				GCC_WARN_UNDECLARED_SELECTOR = YES;
				GCC_WARN_UNINITIALIZED_AUTOS = YES_AGGRESSIVE;
				GCC_WARN_UNUSED_FUNCTION = YES;
				GCC_WARN_UNUSED_VARIABLE = YES;
				IPHONEOS_DEPLOYMENT_TARGET = 14.4;
				MTL_ENABLE_DEBUG_INFO = NO;
				MTL_FAST_MATH = YES;
				SDKROOT = iphoneos;
				SWIFT_COMPILATION_MODE = wholemodule;
				SWIFT_OPTIMIZATION_LEVEL = "-O";
				VALIDATE_PRODUCT = YES;
			};
			name = Release;
		};
		FABD48F02618A84100D31645 /* Debug */ = {
			isa = XCBuildConfiguration;
			buildSettings = {
				ASSETCATALOG_COMPILER_APPICON_NAME = AppIcon;
				ASSETCATALOG_COMPILER_GLOBAL_ACCENT_COLOR_NAME = AccentColor;
				CODE_SIGN_STYLE = Automatic;
				DEVELOPMENT_TEAM = VB8RWPBP87;
				INFOPLIST_FILE = MyLogInApp/Info.plist;
				LD_RUNPATH_SEARCH_PATHS = (
					"$(inherited)",
					"@executable_path/Frameworks",
				);
				PRODUCT_BUNDLE_IDENTIFIER = com.WolfStudio.MyLogInApp;
				PRODUCT_NAME = "$(TARGET_NAME)";
				SWIFT_VERSION = 5.0;
				TARGETED_DEVICE_FAMILY = 1;
			};
			name = Debug;
		};
		FABD48F12618A84100D31645 /* Release */ = {
			isa = XCBuildConfiguration;
			buildSettings = {
				ASSETCATALOG_COMPILER_APPICON_NAME = AppIcon;
				ASSETCATALOG_COMPILER_GLOBAL_ACCENT_COLOR_NAME = AccentColor;
				CODE_SIGN_STYLE = Automatic;
				DEVELOPMENT_TEAM = VB8RWPBP87;
				INFOPLIST_FILE = MyLogInApp/Info.plist;
				LD_RUNPATH_SEARCH_PATHS = (
					"$(inherited)",
					"@executable_path/Frameworks",
				);
				PRODUCT_BUNDLE_IDENTIFIER = com.WolfStudio.MyLogInApp;
				PRODUCT_NAME = "$(TARGET_NAME)";
				SWIFT_VERSION = 5.0;
				TARGETED_DEVICE_FAMILY = 1;
			};
			name = Release;
		};
/* End XCBuildConfiguration section */

/* Begin XCConfigurationList section */
		FABD48D62618A83E00D31645 /* Build configuration list for PBXProject "MyLogInApp" */ = {
			isa = XCConfigurationList;
			buildConfigurations = (
				FABD48ED2618A84100D31645 /* Debug */,
				FABD48EE2618A84100D31645 /* Release */,
			);
			defaultConfigurationIsVisible = 0;
			defaultConfigurationName = Release;
		};
		FABD48EF2618A84100D31645 /* Build configuration list for PBXNativeTarget "MyLogInApp" */ = {
			isa = XCConfigurationList;
			buildConfigurations = (
				FABD48F02618A84100D31645 /* Debug */,
				FABD48F12618A84100D31645 /* Release */,
			);
			defaultConfigurationIsVisible = 0;
			defaultConfigurationName = Release;
		};
/* End XCConfigurationList section */
	};
	rootObject = FABD48D32618A83E00D31645 /* Project object */;
}
